
Microsoft Visual Studio Solution File, Format Version 12.00
# Visual Studio Version 17
VisualStudioVersion = 17.0.32112.339
MinimumVisualStudioVersion = 10.0.40219.1
Project("{9A19103F-16F7-4668-BE54-9A1E7A4F7556}") = "Pokemon.Api.Client", "src\Pokemon.Api.Client\Pokemon.Api.Client.csproj", "{3686AA21-FB34-42F6-B50F-F18EC5EABF39}"
EndProject
Project("{9A19103F-16F7-4668-BE54-9A1E7A4F7556}") = "Pokemon.Api", "src\Pokemon.Api\Pokemon.Api.csproj", "{E1DB59C5-7421-4BA6-BFD7-A4817D5458B3}"
EndProject
Project("{2150E333-8FDC-42A3-9474-1A3956D46DE8}") = "src", "src", "{EACF0E91-0424-40D7-8DAC-66F5DE413464}"
EndProject
Project("{2150E333-8FDC-42A3-9474-1A3956D46DE8}") = "tests", "tests", "{E04388E1-51BC-4226-AA2D-DCFACC13762B}"
EndProject
Project("{9A19103F-16F7-4668-BE54-9A1E7A4F7556}") = "Pokemon.Api.Tests.Unit", "tests\Pokemon.Api.Tests.Unit\Pokemon.Api.Tests.Unit.csproj", "{378F8100-70F8-4B6C-93A0-C510670CF8E8}"
EndProject
Global
	GlobalSection(SolutionConfigurationPlatforms) = preSolution
		Debug|Any CPU = Debug|Any CPU
		Release|Any CPU = Release|Any CPU
	EndGlobalSection
	GlobalSection(ProjectConfigurationPlatforms) = postSolution
		{3686AA21-FB34-42F6-B50F-F18EC5EABF39}.Debug|Any CPU.ActiveCfg = Debug|Any CPU
		{3686AA21-FB34-42F6-B50F-F18EC5EABF39}.Debug|Any CPU.Build.0 = Debug|Any CPU
		{3686AA21-FB34-42F6-B50F-F18EC5EABF39}.Release|Any CPU.ActiveCfg = Release|Any CPU
		{3686AA21-FB34-42F6-B50F-F18EC5EABF39}.Release|Any CPU.Build.0 = Release|Any CPU
		{E1DB59C5-7421-4BA6-BFD7-A4817D5458B3}.Debug|Any CPU.ActiveCfg = Debug|Any CPU
		{E1DB59C5-7421-4BA6-BFD7-A4817D5458B3}.Debug|Any CPU.Build.0 = Debug|Any CPU
		{E1DB59C5-7421-4BA6-BFD7-A4817D5458B3}.Release|Any CPU.ActiveCfg = Release|Any CPU
		{E1DB59C5-7421-4BA6-BFD7-A4817D5458B3}.Release|Any CPU.Build.0 = Release|Any CPU
		{378F8100-70F8-4B6C-93A0-C510670CF8E8}.Debug|Any CPU.ActiveCfg = Debug|Any CPU
		{378F8100-70F8-4B6C-93A0-C510670CF8E8}.Debug|Any CPU.Build.0 = Debug|Any CPU
		{378F8100-70F8-4B6C-93A0-C510670CF8E8}.Release|Any CPU.ActiveCfg = Release|Any CPU
		{378F8100-70F8-4B6C-93A0-C510670CF8E8}.Release|Any CPU.Build.0 = Release|Any CPU
	EndGlobalSection
	GlobalSection(SolutionProperties) = preSolution
		HideSolutionNode = FALSE
	EndGlobalSection
	GlobalSection(NestedProjects) = preSolution
		{3686AA21-FB34-42F6-B50F-F18EC5EABF39} = {EACF0E91-0424-40D7-8DAC-66F5DE413464}
		{E1DB59C5-7421-4BA6-BFD7-A4817D5458B3} = {EACF0E91-0424-40D7-8DAC-66F5DE413464}
		{378F8100-70F8-4B6C-93A0-C510670CF8E8} = {E04388E1-51BC-4226-AA2D-DCFACC13762B}
	EndGlobalSection
	GlobalSection(ExtensibilityGlobals) = postSolution
		SolutionGuid = {50DA36BD-94D1-45D5-A945-0275E3E9084E}
	EndGlobalSection
EndGlobal
